// !$*UTF8*$!
{
	archiveVersion = 1;
	classes = {
	};
	objectVersion = 55;
	objects = {

/* Begin PBXBuildFile section */
		A9935B3E269EE0A900738C42 /* NoaaTestApp.swift in Sources */ = {isa = PBXBuildFile; fileRef = A9935B3D269EE0A900738C42 /* NoaaTestApp.swift */; };
		A9935B40269EE0A900738C42 /* ContentView.swift in Sources */ = {isa = PBXBuildFile; fileRef = A9935B3F269EE0A900738C42 /* ContentView.swift */; };
		A9935B42269EE0A900738C42 /* Assets.xcassets in Resources */ = {isa = PBXBuildFile; fileRef = A9935B41269EE0A900738C42 /* Assets.xcassets */; };
		A9935B45269EE0A900738C42 /* Preview Assets.xcassets in Resources */ = {isa = PBXBuildFile; fileRef = A9935B44269EE0A900738C42 /* Preview Assets.xcassets */; };
		A9935B4D269EE15A00738C42 /* ContentViewModel.swift in Sources */ = {isa = PBXBuildFile; fileRef = A9935B4C269EE15A00738C42 /* ContentViewModel.swift */; };
		A9935B50269EE1DF00738C42 /* NOAAKit in Frameworks */ = {isa = PBXBuildFile; productRef = A9935B4F269EE1DF00738C42 /* NOAAKit */; };
		A9E8D54026A30FF70037378E /* NoaaFetchingPreview.swift in Sources */ = {isa = PBXBuildFile; fileRef = A9E8D53F26A30FF70037378E /* NoaaFetchingPreview.swift */; };
		A9E8D54226A312120037378E /* PreviewData.swift in Sources */ = {isa = PBXBuildFile; fileRef = A9E8D54126A312120037378E /* PreviewData.swift */; };
/* End PBXBuildFile section */

/* Begin PBXFileReference section */
		A920586327C3A48E00F131B8 /* SpearFoundation */ = {isa = PBXFileReference; lastKnownFileType = wrapper; name = SpearFoundation; path = ../../SpearFoundation; sourceTree = "<group>"; };
		A99041C927883D26009DD6EE /* NOAAKit */ = {isa = PBXFileReference; lastKnownFileType = wrapper; name = NOAAKit; path = ..; sourceTree = "<group>"; };
		A9935B3A269EE0A900738C42 /* NoaaTest.app */ = {isa = PBXFileReference; explicitFileType = wrapper.application; includeInIndex = 0; path = NoaaTest.app; sourceTree = BUILT_PRODUCTS_DIR; };
		A9935B3D269EE0A900738C42 /* NoaaTestApp.swift */ = {isa = PBXFileReference; lastKnownFileType = sourcecode.swift; path = NoaaTestApp.swift; sourceTree = "<group>"; };
		A9935B3F269EE0A900738C42 /* ContentView.swift */ = {isa = PBXFileReference; lastKnownFileType = sourcecode.swift; path = ContentView.swift; sourceTree = "<group>"; };
		A9935B41269EE0A900738C42 /* Assets.xcassets */ = {isa = PBXFileReference; lastKnownFileType = folder.assetcatalog; path = Assets.xcassets; sourceTree = "<group>"; };
		A9935B44269EE0A900738C42 /* Preview Assets.xcassets */ = {isa = PBXFileReference; lastKnownFileType = folder.assetcatalog; path = "Preview Assets.xcassets"; sourceTree = "<group>"; };
		A9935B4C269EE15A00738C42 /* ContentViewModel.swift */ = {isa = PBXFileReference; lastKnownFileType = sourcecode.swift; path = ContentViewModel.swift; sourceTree = "<group>"; };
		A9E8D53F26A30FF70037378E /* NoaaFetchingPreview.swift */ = {isa = PBXFileReference; lastKnownFileType = sourcecode.swift; path = NoaaFetchingPreview.swift; sourceTree = "<group>"; };
		A9E8D54126A312120037378E /* PreviewData.swift */ = {isa = PBXFileReference; lastKnownFileType = sourcecode.swift; path = PreviewData.swift; sourceTree = "<group>"; };
/* End PBXFileReference section */

/* Begin PBXFrameworksBuildPhase section */
		A9935B37269EE0A900738C42 /* Frameworks */ = {
			isa = PBXFrameworksBuildPhase;
			buildActionMask = 2147483647;
			files = (
				A9935B50269EE1DF00738C42 /* NOAAKit in Frameworks */,
			);
			runOnlyForDeploymentPostprocessing = 0;
		};
/* End PBXFrameworksBuildPhase section */

/* Begin PBXGroup section */
		A9935B31269EE0A900738C42 = {
			isa = PBXGroup;
			children = (
				A920586327C3A48E00F131B8 /* SpearFoundation */,
				A99041C927883D26009DD6EE /* NOAAKit */,
				A9935B3C269EE0A900738C42 /* NoaaTest */,
				A9935B3B269EE0A900738C42 /* Products */,
				A9935B4E269EE1DF00738C42 /* Frameworks */,
			);
			sourceTree = "<group>";
		};
		A9935B3B269EE0A900738C42 /* Products */ = {
			isa = PBXGroup;
			children = (
				A9935B3A269EE0A900738C42 /* NoaaTest.app */,
			);
			name = Products;
			sourceTree = "<group>";
		};
		A9935B3C269EE0A900738C42 /* NoaaTest */ = {
			isa = PBXGroup;
			children = (
				A9935B3D269EE0A900738C42 /* NoaaTestApp.swift */,
				A9935B3F269EE0A900738C42 /* ContentView.swift */,
				A9935B41269EE0A900738C42 /* Assets.xcassets */,
				A9935B43269EE0A900738C42 /* Preview Content */,
				A9935B4C269EE15A00738C42 /* ContentViewModel.swift */,
			);
			path = NoaaTest;
			sourceTree = "<group>";
		};
		A9935B43269EE0A900738C42 /* Preview Content */ = {
			isa = PBXGroup;
			children = (
				A9935B44269EE0A900738C42 /* Preview Assets.xcassets */,
				A9E8D53F26A30FF70037378E /* NoaaFetchingPreview.swift */,
				A9E8D54126A312120037378E /* PreviewData.swift */,
			);
			path = "Preview Content";
			sourceTree = "<group>";
		};
		A9935B4E269EE1DF00738C42 /* Frameworks */ = {
			isa = PBXGroup;
			children = (
			);
			name = Frameworks;
			sourceTree = "<group>";
		};
/* End PBXGroup section */

/* Begin PBXNativeTarget section */
		A9935B39269EE0A900738C42 /* NoaaTest */ = {
			isa = PBXNativeTarget;
			buildConfigurationList = A9935B48269EE0A900738C42 /* Build configuration list for PBXNativeTarget "NoaaTest" */;
			buildPhases = (
				A9935B36269EE0A900738C42 /* Sources */,
				A9935B37269EE0A900738C42 /* Frameworks */,
				A9935B38269EE0A900738C42 /* Resources */,
			);
			buildRules = (
			);
			dependencies = (
			);
			name = NoaaTest;
			packageProductDependencies = (
				A9935B4F269EE1DF00738C42 /* NOAAKit */,
			);
			productName = NoaaTest;
			productReference = A9935B3A269EE0A900738C42 /* NoaaTest.app */;
			productType = "com.apple.product-type.application";
		};
/* End PBXNativeTarget section */

/* Begin PBXProject section */
		A9935B32269EE0A900738C42 /* Project object */ = {
			isa = PBXProject;
			attributes = {
				BuildIndependentTargetsInParallel = 1;
				LastSwiftUpdateCheck = 1300;
				LastUpgradeCheck = 1300;
				TargetAttributes = {
					A9935B39269EE0A900738C42 = {
						CreatedOnToolsVersion = 13.0;
					};
				};
			};
			buildConfigurationList = A9935B35269EE0A900738C42 /* Build configuration list for PBXProject "NoaaTest" */;
			compatibilityVersion = "Xcode 13.0";
			developmentRegion = en;
			hasScannedForEncodings = 0;
			knownRegions = (
				en,
				Base,
			);
			mainGroup = A9935B31269EE0A900738C42;
			productRefGroup = A9935B3B269EE0A900738C42 /* Products */;
			projectDirPath = "";
			projectRoot = "";
			targets = (
				A9935B39269EE0A900738C42 /* NoaaTest */,
			);
		};
/* End PBXProject section */

/* Begin PBXResourcesBuildPhase section */
		A9935B38269EE0A900738C42 /* Resources */ = {
			isa = PBXResourcesBuildPhase;
			buildActionMask = 2147483647;
			files = (
				A9935B45269EE0A900738C42 /* Preview Assets.xcassets in Resources */,
				A9935B42269EE0A900738C42 /* Assets.xcassets in Resources */,
			);
			runOnlyForDeploymentPostprocessing = 0;
		};
/* End PBXResourcesBuildPhase section */

/* Begin PBXSourcesBuildPhase section */
		A9935B36269EE0A900738C42 /* Sources */ = {
			isa = PBXSourcesBuildPhase;
			buildActionMask = 2147483647;
			files = (
				A9E8D54226A312120037378E /* PreviewData.swift in Sources */,
				A9935B40269EE0A900738C42 /* ContentView.swift in Sources */,
				A9E8D54026A30FF70037378E /* NoaaFetchingPreview.swift in Sources */,
				A9935B3E269EE0A900738C42 /* NoaaTestApp.swift in Sources */,
				A9935B4D269EE15A00738C42 /* ContentViewModel.swift in Sources */,
			);
			runOnlyForDeploymentPostprocessing = 0;
		};
/* End PBXSourcesBuildPhase section */

/* Begin XCBuildConfiguration section */
		A9935B46269EE0A900738C42 /* Debug */ = {
			isa = XCBuildConfiguration;
			buildSettings = {
				ALWAYS_SEARCH_USER_PATHS = NO;
				CLANG_ANALYZER_NONNULL = YES;
				CLANG_ANALYZER_NUMBER_OBJECT_CONVERSION = YES_AGGRESSIVE;
				CLANG_CXX_LANGUAGE_STANDARD = "gnu++14";
				CLANG_CXX_LIBRARY = "libc++";
				CLANG_ENABLE_MODULES = YES;
				CLANG_ENABLE_OBJC_ARC = YES;
				CLANG_ENABLE_OBJC_WEAK = YES;
				CLANG_WARN_BLOCK_CAPTURE_AUTORELEASING = YES;
				CLANG_WARN_BOOL_CONVERSION = YES;
				CLANG_WARN_COMMA = YES;
				CLANG_WARN_CONSTANT_CONVERSION = YES;
				CLANG_WARN_DEPRECATED_OBJC_IMPLEMENTATIONS = YES;
				CLANG_WARN_DIRECT_OBJC_ISA_USAGE = YES_ERROR;
				CLANG_WARN_DOCUMENTATION_COMMENTS = YES;
				CLANG_WARN_EMPTY_BODY = YES;
				CLANG_WARN_ENUM_CONVERSION = YES;
				CLANG_WARN_INFINITE_RECURSION = YES;
				CLANG_WARN_INT_CONVERSION = YES;
				CLANG_WARN_NON_LITERAL_NULL_CONVERSION = YES;
				CLANG_WARN_OBJC_IMPLICIT_RETAIN_SELF = YES;
				CLANG_WARN_OBJC_LITERAL_CONVERSION = YES;
				CLANG_WARN_OBJC_ROOT_CLASS = YES_ERROR;
				CLANG_WARN_QUOTED_INCLUDE_IN_FRAMEWORK_HEADER = YES;
				CLANG_WARN_RANGE_LOOP_ANALYSIS = YES;
				CLANG_WARN_STRICT_PROTOTYPES = YES;
				CLANG_WARN_SUSPICIOUS_MOVE = YES;
				CLANG_WARN_UNGUARDED_AVAILABILITY = YES_AGGRESSIVE;
				CLANG_WARN_UNREACHABLE_CODE = YES;
				CLANG_WARN__DUPLICATE_METHOD_MATCH = YES;
				COPY_PHASE_STRIP = NO;
				DEBUG_INFORMATION_FORMAT = dwarf;
				ENABLE_STRICT_OBJC_MSGSEND = YES;
				ENABLE_TESTABILITY = YES;
				GCC_C_LANGUAGE_STANDARD = gnu11;
				GCC_DYNAMIC_NO_PIC = NO;
				GCC_NO_COMMON_BLOCKS = YES;
				GCC_OPTIMIZATION_LEVEL = 0;
				GCC_PREPROCESSOR_DEFINITIONS = (
					"DEBUG=1",
					"$(inherited)",
				);
				GCC_WARN_64_TO_32_BIT_CONVERSION = YES;
				GCC_WARN_ABOUT_RETURN_TYPE = YES_ERROR;
				GCC_WARN_UNDECLARED_SELECTOR = YES;
				GCC_WARN_UNINITIALIZED_AUTOS = YES_AGGRESSIVE;
				GCC_WARN_UNUSED_FUNCTION = YES;
				GCC_WARN_UNUSED_VARIABLE = YES;
				IPHONEOS_DEPLOYMENT_TARGET = 15.0;
				MTL_ENABLE_DEBUG_INFO = INCLUDE_SOURCE;
				MTL_FAST_MATH = YES;
				ONLY_ACTIVE_ARCH = YES;
				SDKROOT = iphoneos;
				SWIFT_ACTIVE_COMPILATION_CONDITIONS = DEBUG;
				SWIFT_OPTIMIZATION_LEVEL = "-Onone";
			};
			name = Debug;
		};
		A9935B47269EE0A900738C42 /* Release */ = {
			isa = XCBuildConfiguration;
			buildSettings = {
				ALWAYS_SEARCH_USER_PATHS = NO;
				CLANG_ANALYZER_NONNULL = YES;
				CLANG_ANALYZER_NUMBER_OBJECT_CONVERSION = YES_AGGRESSIVE;
				CLANG_CXX_LANGUAGE_STANDARD = "gnu++14";
				CLANG_CXX_LIBRARY = "libc++";
				CLANG_ENABLE_MODULES = YES;
				CLANG_ENABLE_OBJC_ARC = YES;
				CLANG_ENABLE_OBJC_WEAK = YES;
				CLANG_WARN_BLOCK_CAPTURE_AUTORELEASING = YES;
				CLANG_WARN_BOOL_CONVERSION = YES;
				CLANG_WARN_COMMA = YES;
				CLANG_WARN_CONSTANT_CONVERSION = YES;
				CLANG_WARN_DEPRECATED_OBJC_IMPLEMENTATIONS = YES;
				CLANG_WARN_DIRECT_OBJC_ISA_USAGE = YES_ERROR;
				CLANG_WARN_DOCUMENTATION_COMMENTS = YES;
				CLANG_WARN_EMPTY_BODY = YES;
				CLANG_WARN_ENUM_CONVERSION = YES;
				CLANG_WARN_INFINITE_RECURSION = YES;
				CLANG_WARN_INT_CONVERSION = YES;
				CLANG_WARN_NON_LITERAL_NULL_CONVERSION = YES;
				CLANG_WARN_OBJC_IMPLICIT_RETAIN_SELF = YES;
				CLANG_WARN_OBJC_LITERAL_CONVERSION = YES;
				CLANG_WARN_OBJC_ROOT_CLASS = YES_ERROR;
				CLANG_WARN_QUOTED_INCLUDE_IN_FRAMEWORK_HEADER = YES;
				CLANG_WARN_RANGE_LOOP_ANALYSIS = YES;
				CLANG_WARN_STRICT_PROTOTYPES = YES;
				CLANG_WARN_SUSPICIOUS_MOVE = YES;
				CLANG_WARN_UNGUARDED_AVAILABILITY = YES_AGGRESSIVE;
				CLANG_WARN_UNREACHABLE_CODE = YES;
				CLANG_WARN__DUPLICATE_METHOD_MATCH = YES;
				COPY_PHASE_STRIP = NO;
				DEBUG_INFORMATION_FORMAT = "dwarf-with-dsym";
				ENABLE_NS_ASSERTIONS = NO;
				ENABLE_STRICT_OBJC_MSGSEND = YES;
				GCC_C_LANGUAGE_STANDARD = gnu11;
				GCC_NO_COMMON_BLOCKS = YES;
				GCC_WARN_64_TO_32_BIT_CONVERSION = YES;
				GCC_WARN_ABOUT_RETURN_TYPE = YES_ERROR;
				GCC_WARN_UNDECLARED_SELECTOR = YES;
				GCC_WARN_UNINITIALIZED_AUTOS = YES_AGGRESSIVE;
				GCC_WARN_UNUSED_FUNCTION = YES;
				GCC_WARN_UNUSED_VARIABLE = YES;
				IPHONEOS_DEPLOYMENT_TARGET = 15.0;
				MTL_ENABLE_DEBUG_INFO = NO;
				MTL_FAST_MATH = YES;
				SDKROOT = iphoneos;
				SWIFT_COMPILATION_MODE = wholemodule;
				SWIFT_OPTIMIZATION_LEVEL = "-O";
				VALIDATE_PRODUCT = YES;
			};
			name = Release;
		};
		A9935B49269EE0A900738C42 /* Debug */ = {
			isa = XCBuildConfiguration;
			buildSettings = {
				ASSETCATALOG_COMPILER_APPICON_NAME = AppIcon;
				ASSETCATALOG_COMPILER_GLOBAL_ACCENT_COLOR_NAME = AccentColor;
				CODE_SIGN_STYLE = Automatic;
				CURRENT_PROJECT_VERSION = 1;
				DEVELOPMENT_ASSET_PATHS = "\"NoaaTest/Preview Content\"";
				DEVELOPMENT_TEAM = FUNW4GUS24;
				ENABLE_PREVIEWS = YES;
				GENERATE_INFOPLIST_FILE = YES;
				INFOPLIST_KEY_UIApplicationSceneManifest_Generation = YES;
				INFOPLIST_KEY_UIApplicationSupportsIndirectInputEvents = YES;
				INFOPLIST_KEY_UILaunchScreen_Generation = YES;
				INFOPLIST_KEY_UISupportedInterfaceOrientations_iPad = "UIInterfaceOrientationPortrait UIInterfaceOrientationPortraitUpsideDown UIInterfaceOrientationLandscapeLeft UIInterfaceOrientationLandscapeRight";
				INFOPLIST_KEY_UISupportedInterfaceOrientations_iPhone = "UIInterfaceOrientationPortrait UIInterfaceOrientationLandscapeLeft UIInterfaceOrientationLandscapeRight";
				IPHONEOS_DEPLOYMENT_TARGET = 15.0;
				LD_RUNPATH_SEARCH_PATHS = (
					"$(inherited)",
					"@executable_path/Frameworks",
				);
				MARKETING_VERSION = 1.0;
				PRODUCT_BUNDLE_IDENTIFIER = com.spearware.NoaaTest;
				PRODUCT_NAME = "$(TARGET_NAME)";
				SWIFT_EMIT_LOC_STRINGS = YES;
				SWIFT_VERSION = 5.0;
				TARGETED_DEVICE_FAMILY = "1,2";
			};
			name = Debug;
		};
		A9935B4A269EE0A900738C42 /* Release */ = {
			isa = XCBuildConfiguration;
			buildSettings = {
				ASSETCATALOG_COMPILER_APPICON_NAME = AppIcon;
				ASSETCATALOG_COMPILER_GLOBAL_ACCENT_COLOR_NAME = AccentColor;
				CODE_SIGN_STYLE = Automatic;
				CURRENT_PROJECT_VERSION = 1;
				DEVELOPMENT_ASSET_PATHS = "\"NoaaTest/Preview Content\"";
				DEVELOPMENT_TEAM = FUNW4GUS24;
				ENABLE_PREVIEWS = YES;
				GENERATE_INFOPLIST_FILE = YES;
				INFOPLIST_KEY_UIApplicationSceneManifest_Generation = YES;
				INFOPLIST_KEY_UIApplicationSupportsIndirectInputEvents = YES;
				INFOPLIST_KEY_UILaunchScreen_Generation = YES;
				INFOPLIST_KEY_UISupportedInterfaceOrientations_iPad = "UIInterfaceOrientationPortrait UIInterfaceOrientationPortraitUpsideDown UIInterfaceOrientationLandscapeLeft UIInterfaceOrientationLandscapeRight";
				INFOPLIST_KEY_UISupportedInterfaceOrientations_iPhone = "UIInterfaceOrientationPortrait UIInterfaceOrientationLandscapeLeft UIInterfaceOrientationLandscapeRight";
				IPHONEOS_DEPLOYMENT_TARGET = 15.0;
				LD_RUNPATH_SEARCH_PATHS = (
					"$(inherited)",
					"@executable_path/Frameworks",
				);
				MARKETING_VERSION = 1.0;
				PRODUCT_BUNDLE_IDENTIFIER = com.spearware.NoaaTest;
				PRODUCT_NAME = "$(TARGET_NAME)";
				SWIFT_EMIT_LOC_STRINGS = YES;
				SWIFT_VERSION = 5.0;
				TARGETED_DEVICE_FAMILY = "1,2";
			};
			name = Release;
		};
/* End XCBuildConfiguration section */

/* Begin XCConfigurationList section */
		A9935B35269EE0A900738C42 /* Build configuration list for PBXProject "NoaaTest" */ = {
			isa = XCConfigurationList;
			buildConfigurations = (
				A9935B46269EE0A900738C42 /* Debug */,
				A9935B47269EE0A900738C42 /* Release */,
			);
			defaultConfigurationIsVisible = 0;
			defaultConfigurationName = Release;
		};
		A9935B48269EE0A900738C42 /* Build configuration list for PBXNativeTarget "NoaaTest" */ = {
			isa = XCConfigurationList;
			buildConfigurations = (
				A9935B49269EE0A900738C42 /* Debug */,
				A9935B4A269EE0A900738C42 /* Release */,
			);
			defaultConfigurationIsVisible = 0;
			defaultConfigurationName = Release;
		};
/* End XCConfigurationList section */

/* Begin XCSwiftPackageProductDependency section */
		A9935B4F269EE1DF00738C42 /* NOAAKit */ = {
			isa = XCSwiftPackageProductDependency;
			productName = NOAAKit;
		};
/* End XCSwiftPackageProductDependency section */
	};
	rootObject = A9935B32269EE0A900738C42 /* Project object */;
}
